
Microsoft Visual Studio Solution File, Format Version 12.00
# Visual Studio 15
VisualStudioVersion = 15.0.27004.2002
MinimumVisualStudioVersion = 10.0.40219.1
Project("{9A19103F-16F7-4668-BE54-9A1E7A4F7556}") = "Voidwell.UserManagement", "src\Voidwell.UserManagement\Voidwell.UserManagement.csproj", "{3CB8DA74-429F-4896-958E-B45B3F7FDB37}"
EndProject
Project("{2150E333-8FDC-42A3-9474-1A3956D46DE8}") = "src", "src", "{4F3CEED3-E4AB-4A18-9AB6-D20DDD679CBC}"
EndProject
Project("{2150E333-8FDC-42A3-9474-1A3956D46DE8}") = "Solution Items", "Solution Items", "{BAF62441-142F-4DCF-9047-17E25F4F302E}"
	ProjectSection(SolutionItems) = preProject
		.gitignore = .gitignore
		Directory.Build.props = Directory.Build.props
		Dockerfile = Dockerfile
		Dockerfile.debug = Dockerfile.debug
		new-build.sh = new-build.sh
	EndProjectSection
EndProject
Global
	GlobalSection(SolutionConfigurationPlatforms) = preSolution
		Debug|Any CPU = Debug|Any CPU
		Release|Any CPU = Release|Any CPU
	EndGlobalSection
	GlobalSection(ProjectConfigurationPlatforms) = postSolution
		{3CB8DA74-429F-4896-958E-B45B3F7FDB37}.Debug|Any CPU.ActiveCfg = Debug|Any CPU
		{3CB8DA74-429F-4896-958E-B45B3F7FDB37}.Debug|Any CPU.Build.0 = Debug|Any CPU
		{3CB8DA74-429F-4896-958E-B45B3F7FDB37}.Release|Any CPU.ActiveCfg = Release|Any CPU
		{3CB8DA74-429F-4896-958E-B45B3F7FDB37}.Release|Any CPU.Build.0 = Release|Any CPU
	EndGlobalSection
	GlobalSection(SolutionProperties) = preSolution
		HideSolutionNode = FALSE
	EndGlobalSection
	GlobalSection(NestedProjects) = preSolution
		{3CB8DA74-429F-4896-958E-B45B3F7FDB37} = {4F3CEED3-E4AB-4A18-9AB6-D20DDD679CBC}
	EndGlobalSection
	GlobalSection(ExtensibilityGlobals) = postSolution
		SolutionGuid = {DE8356B9-449C-421F-8C67-CAE7445379AC}
	EndGlobalSection
EndGlobal
